
Microsoft Visual Studio Solution File, Format Version 12.00
# Visual Studio 15
VisualStudioVersion = 15.0.28010.2046
MinimumVisualStudioVersion = 10.0.40219.1
Project("{FAE04EC0-301F-11D3-BF4B-00C04F79EFBC}") = "AcceptanceTest", "AcceptanceTest.csproj", "{4D6E604B-8A8B-448D-8CB0-BA56F8D7CD3C}"
EndProject
Global
	GlobalSection(SolutionConfigurationPlatforms) = preSolution
		Debug|Any CPU = Debug|Any CPU
		Release|Any CPU = Release|Any CPU
	EndGlobalSection
	GlobalSection(ProjectConfigurationPlatforms) = postSolution
		{4D6E604B-8A8B-448D-8CB0-BA56F8D7CD3C}.Debug|Any CPU.ActiveCfg = Debug|Any CPU
		{4D6E604B-8A8B-448D-8CB0-BA56F8D7CD3C}.Debug|Any CPU.Build.0 = Debug|Any CPU
		{4D6E604B-8A8B-448D-8CB0-BA56F8D7CD3C}.Release|Any CPU.ActiveCfg = Release|Any CPU
		{4D6E604B-8A8B-448D-8CB0-BA56F8D7CD3C}.Release|Any CPU.Build.0 = Release|Any CPU
	EndGlobalSection
	GlobalSection(SolutionProperties) = preSolution
		HideSolutionNode = FALSE
	EndGlobalSection
	GlobalSection(ExtensibilityGlobals) = postSolution
		SolutionGuid = {E1557117-6026-4B50-9AD4-BC976486A01B}
	EndGlobalSection
EndGlobal
